
Microsoft Visual Studio Solution File, Format Version 12.00
# Visual Studio Version 17
VisualStudioVersion = 17.3.32929.385
MinimumVisualStudioVersion = 10.0.40219.1
Project("{FAE04EC0-301F-11D3-BF4B-00C04F79EFBC}") = "calculator", "calculator\calculator.csproj", "{5CEE07E0-924F-437C-91D9-77970D92A99C}"
EndProject
Global
	GlobalSection(SolutionConfigurationPlatforms) = preSolution
		Debug|Any CPU = Debug|Any CPU
		Release|Any CPU = Release|Any CPU
	EndGlobalSection
	GlobalSection(ProjectConfigurationPlatforms) = postSolution
		{5CEE07E0-924F-437C-91D9-77970D92A99C}.Debug|Any CPU.ActiveCfg = Debug|Any CPU
		{5CEE07E0-924F-437C-91D9-77970D92A99C}.Debug|Any CPU.Build.0 = Debug|Any CPU
		{5CEE07E0-924F-437C-91D9-77970D92A99C}.Release|Any CPU.ActiveCfg = Release|Any CPU
		{5CEE07E0-924F-437C-91D9-77970D92A99C}.Release|Any CPU.Build.0 = Release|Any CPU
	EndGlobalSection
	GlobalSection(SolutionProperties) = preSolution
		HideSolutionNode = FALSE
	EndGlobalSection
	GlobalSection(ExtensibilityGlobals) = postSolution
		SolutionGuid = {7FE94CD7-52B3-4EA4-82D0-299B0F199BF3}
	EndGlobalSection
EndGlobal
